
Microsoft Visual Studio Solution File, Format Version 12.00
# Visual Studio Version 16
VisualStudioVersion = 16.0.30621.155
MinimumVisualStudioVersion = 10.0.40219.1
Project("{FAE04EC0-301F-11D3-BF4B-00C04F79EFBC}") = "ECommerceSite", "ECommerceSite\ECommerceSite.csproj", "{605D670A-6855-4EC9-AD43-84CF576EC6C0}"
EndProject
Global
	GlobalSection(SolutionConfigurationPlatforms) = preSolution
		Debug|Any CPU = Debug|Any CPU
		Release|Any CPU = Release|Any CPU
	EndGlobalSection
	GlobalSection(ProjectConfigurationPlatforms) = postSolution
		{605D670A-6855-4EC9-AD43-84CF576EC6C0}.Debug|Any CPU.ActiveCfg = Debug|Any CPU
		{605D670A-6855-4EC9-AD43-84CF576EC6C0}.Debug|Any CPU.Build.0 = Debug|Any CPU
		{605D670A-6855-4EC9-AD43-84CF576EC6C0}.Release|Any CPU.ActiveCfg = Release|Any CPU
		{605D670A-6855-4EC9-AD43-84CF576EC6C0}.Release|Any CPU.Build.0 = Release|Any CPU
	EndGlobalSection
	GlobalSection(SolutionProperties) = preSolution
		HideSolutionNode = FALSE
	EndGlobalSection
	GlobalSection(ExtensibilityGlobals) = postSolution
		SolutionGuid = {1455611C-9C3B-473F-9601-F3CAD4BB6816}
	EndGlobalSection
EndGlobal
